
Microsoft Visual Studio Solution File, Format Version 12.00
# Visual Studio Version 16
VisualStudioVersion = 16.0.31112.23
MinimumVisualStudioVersion = 10.0.40219.1
Project("{FAE04EC0-301F-11D3-BF4B-00C04F79EFBC}") = "Print-A-Pyramid", "Print-A-Pyramid\Print-A-Pyramid.csproj", "{661F019C-3E0D-43B8-9624-F7368C13D61F}"
EndProject
Global
	GlobalSection(SolutionConfigurationPlatforms) = preSolution
		Debug|Any CPU = Debug|Any CPU
		Release|Any CPU = Release|Any CPU
	EndGlobalSection
	GlobalSection(ProjectConfigurationPlatforms) = postSolution
		{661F019C-3E0D-43B8-9624-F7368C13D61F}.Debug|Any CPU.ActiveCfg = Debug|Any CPU
		{661F019C-3E0D-43B8-9624-F7368C13D61F}.Debug|Any CPU.Build.0 = Debug|Any CPU
		{661F019C-3E0D-43B8-9624-F7368C13D61F}.Release|Any CPU.ActiveCfg = Release|Any CPU
		{661F019C-3E0D-43B8-9624-F7368C13D61F}.Release|Any CPU.Build.0 = Release|Any CPU
	EndGlobalSection
	GlobalSection(SolutionProperties) = preSolution
		HideSolutionNode = FALSE
	EndGlobalSection
	GlobalSection(ExtensibilityGlobals) = postSolution
		SolutionGuid = {1FBDBE2E-4AFB-4AB2-8C84-AE2ED3A98B49}
	EndGlobalSection
EndGlobal
